# THIS IS AN AUTOGENERATED FILE. DO NOT EDIT THIS FILE DIRECTLY.
# yarn lockfile v1


dayjs@^1.8.35:
  version "1.8.35"
  resolved "https://registry.npm.taobao.org/dayjs/download/dayjs-1.8.35.tgz?cache=0&sync_timestamp=1599050511263&other_urls=https%3A%2F%2Fregistry.npm.taobao.org%2Fdayjs%2Fdownload%2Fdayjs-1.8.35.tgz#67118378f15d31623f3ee2992f5244b887606888"
  integrity sha1-ZxGDePFdMWI/PuKZL1JEuIdgaIg=

qs@^6.9.4:
  version "6.9.4"
  resolved "https://registry.npm.taobao.org/qs/download/qs-6.9.4.tgz#9090b290d1f91728d3c22e54843ca44aea5ab687"
  integrity sha1-kJCykNH5FyjTwi5UhDykSupatoc=
